
Microsoft Visual Studio Solution File, Format Version 12.00
# Visual Studio Version 17
VisualStudioVersion = 17.6.33723.286
MinimumVisualStudioVersion = 10.0.40219.1
Project("{9A19103F-16F7-4668-BE54-9A1E7A4F7556}") = "Shared", "Shared\Shared.csproj", "{965331B5-0076-4D90-BBDB-C3D756F6C308}"
EndProject
Project("{9A19103F-16F7-4668-BE54-9A1E7A4F7556}") = "PdbIssueWithFody", "PdbIssueWithFody\PdbIssueWithFody.csproj", "{78FA97E9-79C9-4FA9-92C9-83ED521452BA}"
EndProject
Project("{9A19103F-16F7-4668-BE54-9A1E7A4F7556}") = "PdbIssueWithoutFody", "PdbIssueWithoutFody\PdbIssueWithoutFody.csproj", "{073A6F28-4F3E-41A9-A3EE-730A5CD83309}"
EndProject
Global
	GlobalSection(SolutionConfigurationPlatforms) = preSolution
		Debug|Any CPU = Debug|Any CPU
		Release|Any CPU = Release|Any CPU
	EndGlobalSection
	GlobalSection(ProjectConfigurationPlatforms) = postSolution
		{965331B5-0076-4D90-BBDB-C3D756F6C308}.Debug|Any CPU.ActiveCfg = Debug|Any CPU
		{965331B5-0076-4D90-BBDB-C3D756F6C308}.Debug|Any CPU.Build.0 = Debug|Any CPU
		{965331B5-0076-4D90-BBDB-C3D756F6C308}.Release|Any CPU.ActiveCfg = Release|Any CPU
		{965331B5-0076-4D90-BBDB-C3D756F6C308}.Release|Any CPU.Build.0 = Release|Any CPU
		{78FA97E9-79C9-4FA9-92C9-83ED521452BA}.Debug|Any CPU.ActiveCfg = Debug|Any CPU
		{78FA97E9-79C9-4FA9-92C9-83ED521452BA}.Debug|Any CPU.Build.0 = Debug|Any CPU
		{78FA97E9-79C9-4FA9-92C9-83ED521452BA}.Release|Any CPU.ActiveCfg = Release|Any CPU
		{78FA97E9-79C9-4FA9-92C9-83ED521452BA}.Release|Any CPU.Build.0 = Release|Any CPU
		{073A6F28-4F3E-41A9-A3EE-730A5CD83309}.Debug|Any CPU.ActiveCfg = Debug|Any CPU
		{073A6F28-4F3E-41A9-A3EE-730A5CD83309}.Debug|Any CPU.Build.0 = Debug|Any CPU
		{073A6F28-4F3E-41A9-A3EE-730A5CD83309}.Release|Any CPU.ActiveCfg = Release|Any CPU
		{073A6F28-4F3E-41A9-A3EE-730A5CD83309}.Release|Any CPU.Build.0 = Release|Any CPU
	EndGlobalSection
	GlobalSection(SolutionProperties) = preSolution
		HideSolutionNode = FALSE
	EndGlobalSection
	GlobalSection(ExtensibilityGlobals) = postSolution
		SolutionGuid = {01436F65-B74D-4CA0-B7B1-431686844DBF}
	EndGlobalSection
EndGlobal
